
Microsoft Visual Studio Solution File, Format Version 12.00
# Visual Studio Version 16
VisualStudioVersion = 25.0.1706.0
MinimumVisualStudioVersion = 10.0.40219.1
Project("{FAE04EC0-301F-11D3-BF4B-00C04F79EFBC}") = "APITesting", "APITesting\APITesting.csproj", "{81B7A207-9856-4BF6-9EF8-D989AB8CA189}"
EndProject
Project("{FAE04EC0-301F-11D3-BF4B-00C04F79EFBC}") = "UITesting", "UITesting\UITesting.csproj", "{28544723-55CA-4A9B-8AC0-FC6F82B7153A}"
EndProject
Project("{FAE04EC0-301F-11D3-BF4B-00C04F79EFBC}") = "AppTests", "AppTesting\AppTests.csproj", "{BEBE3EBB-C705-4136-BA37-33D456EEA6F2}"
EndProject
Global
	GlobalSection(SolutionConfigurationPlatforms) = preSolution
		Debug|Any CPU = Debug|Any CPU
		Release|Any CPU = Release|Any CPU
	EndGlobalSection
	GlobalSection(ProjectConfigurationPlatforms) = postSolution
		{81B7A207-9856-4BF6-9EF8-D989AB8CA189}.Debug|Any CPU.ActiveCfg = Debug|Any CPU
		{81B7A207-9856-4BF6-9EF8-D989AB8CA189}.Debug|Any CPU.Build.0 = Debug|Any CPU
		{81B7A207-9856-4BF6-9EF8-D989AB8CA189}.Release|Any CPU.ActiveCfg = Release|Any CPU
		{81B7A207-9856-4BF6-9EF8-D989AB8CA189}.Release|Any CPU.Build.0 = Release|Any CPU
		{28544723-55CA-4A9B-8AC0-FC6F82B7153A}.Debug|Any CPU.ActiveCfg = Debug|Any CPU
		{28544723-55CA-4A9B-8AC0-FC6F82B7153A}.Debug|Any CPU.Build.0 = Debug|Any CPU
		{28544723-55CA-4A9B-8AC0-FC6F82B7153A}.Release|Any CPU.ActiveCfg = Release|Any CPU
		{28544723-55CA-4A9B-8AC0-FC6F82B7153A}.Release|Any CPU.Build.0 = Release|Any CPU
		{BEBE3EBB-C705-4136-BA37-33D456EEA6F2}.Debug|Any CPU.ActiveCfg = Debug|Any CPU
		{BEBE3EBB-C705-4136-BA37-33D456EEA6F2}.Debug|Any CPU.Build.0 = Debug|Any CPU
		{BEBE3EBB-C705-4136-BA37-33D456EEA6F2}.Release|Any CPU.ActiveCfg = Release|Any CPU
		{BEBE3EBB-C705-4136-BA37-33D456EEA6F2}.Release|Any CPU.Build.0 = Release|Any CPU
	EndGlobalSection
	GlobalSection(SolutionProperties) = preSolution
		HideSolutionNode = FALSE
	EndGlobalSection
	GlobalSection(ExtensibilityGlobals) = postSolution
		SolutionGuid = {E1762B9D-9C60-4B02-9388-4D2A8197FF00}
	EndGlobalSection
EndGlobal
